
Microsoft Visual Studio Solution File, Format Version 12.00
# Visual Studio Version 16
VisualStudioVersion = 16.0.29709.97
MinimumVisualStudioVersion = 10.0.40219.1
Project("{FAE04EC0-301F-11D3-BF4B-00C04F79EFBC}") = "TestApi", "TestApi\TestApi.csproj", "{40FDA0DE-2499-4C31-A535-198F4B291FDA}"
EndProject
Global
	GlobalSection(SolutionConfigurationPlatforms) = preSolution
		Debug|Any CPU = Debug|Any CPU
		Release|Any CPU = Release|Any CPU
	EndGlobalSection
	GlobalSection(ProjectConfigurationPlatforms) = postSolution
		{40FDA0DE-2499-4C31-A535-198F4B291FDA}.Debug|Any CPU.ActiveCfg = Debug|Any CPU
		{40FDA0DE-2499-4C31-A535-198F4B291FDA}.Debug|Any CPU.Build.0 = Debug|Any CPU
		{40FDA0DE-2499-4C31-A535-198F4B291FDA}.Release|Any CPU.ActiveCfg = Release|Any CPU
		{40FDA0DE-2499-4C31-A535-198F4B291FDA}.Release|Any CPU.Build.0 = Release|Any CPU
	EndGlobalSection
	GlobalSection(SolutionProperties) = preSolution
		HideSolutionNode = FALSE
	EndGlobalSection
	GlobalSection(ExtensibilityGlobals) = postSolution
		SolutionGuid = {E0C88813-DA73-4A71-B5EA-4650228C4AF6}
	EndGlobalSection
EndGlobal
